{
  "pins" : [
    {
      "identity" : "xctesttoolkit",
      "kind" : "remoteSourceControl",
      "location" : "https://github.com/AlexHmelevski/XCTestToolKit.git",
      "state" : {
        "branch" : "main",
        "revision" : "eab0bf77d30ab67c17207d0ee8d9da97bdae79f6"
      }
    }
  ],
  "version" : 2
}
