{
  "pins" : [
    {
      "identity" : "xctesttoolkit",
      "kind" : "remoteSourceControl",
      "location" : "https://github.com/AlexHmelevski/XCTestToolKit.git",
      "state" : {
        "branch" : "main",
        "revision" : "214f4cc90e3fe9457a2368a87fc77cd8d7c00d20"
      }
    }
  ],
  "version" : 2
}
